// !$*UTF8*$!
{
	archiveVersion = 1;
	classes = {
	};
	objectVersion = 48;
	objects = {

/* Begin PBXBuildFile section */
		E6D5BB53206CEA9900064405 /* AppDelegate.m in Sources */ = {isa = PBXBuildFile; fileRef = E6D5BB52206CEA9900064405 /* AppDelegate.m */; };
		E6D5BB56206CEA9900064405 /* ViewController.m in Sources */ = {isa = PBXBuildFile; fileRef = E6D5BB55206CEA9900064405 /* ViewController.m */; };
		E6D5BB59206CEA9900064405 /* Main.storyboard in Resources */ = {isa = PBXBuildFile; fileRef = E6D5BB57206CEA9900064405 /* Main.storyboard */; };
		E6D5BB5B206CEA9900064405 /* Assets.xcassets in Resources */ = {isa = PBXBuildFile; fileRef = E6D5BB5A206CEA9900064405 /* Assets.xcassets */; };
		E6D5BB5E206CEA9900064405 /* LaunchScreen.storyboard in Resources */ = {isa = PBXBuildFile; fileRef = E6D5BB5C206CEA9900064405 /* LaunchScreen.storyboard */; };
		E6D5BB61206CEA9900064405 /* main.m in Sources */ = {isa = PBXBuildFile; fileRef = E6D5BB60206CEA9900064405 /* main.m */; };
		E6D5BB69206CEAB700064405 /* test1ViewController.m in Sources */ = {isa = PBXBuildFile; fileRef = E6D5BB68206CEAB700064405 /* test1ViewController.m */; };
/* End PBXBuildFile section */

/* Begin PBXFileReference section */
		E6D5BB4E206CEA9900064405 /* blockx.app */ = {isa = PBXFileReference; explicitFileType = wrapper.application; includeInIndex = 0; path = blockx.app; sourceTree = BUILT_PRODUCTS_DIR; };
		E6D5BB51206CEA9900064405 /* AppDelegate.h */ = {isa = PBXFileReference; lastKnownFileType = sourcecode.c.h; path = AppDelegate.h; sourceTree = "<group>"; };
		E6D5BB52206CEA9900064405 /* AppDelegate.m */ = {isa = PBXFileReference; lastKnownFileType = sourcecode.c.objc; path = AppDelegate.m; sourceTree = "<group>"; };
		E6D5BB54206CEA9900064405 /* ViewController.h */ = {isa = PBXFileReference; lastKnownFileType = sourcecode.c.h; path = ViewController.h; sourceTree = "<group>"; };
		E6D5BB55206CEA9900064405 /* ViewController.m */ = {isa = PBXFileReference; lastKnownFileType = sourcecode.c.objc; path = ViewController.m; sourceTree = "<group>"; };
		E6D5BB58206CEA9900064405 /* Base */ = {isa = PBXFileReference; lastKnownFileType = file.storyboard; name = Base; path = Base.lproj/Main.storyboard; sourceTree = "<group>"; };
		E6D5BB5A206CEA9900064405 /* Assets.xcassets */ = {isa = PBXFileReference; lastKnownFileType = folder.assetcatalog; path = Assets.xcassets; sourceTree = "<group>"; };
		E6D5BB5D206CEA9900064405 /* Base */ = {isa = PBXFileReference; lastKnownFileType = file.storyboard; name = Base; path = Base.lproj/LaunchScreen.storyboard; sourceTree = "<group>"; };
		E6D5BB5F206CEA9900064405 /* Info.plist */ = {isa = PBXFileReference; lastKnownFileType = text.plist.xml; path = Info.plist; sourceTree = "<group>"; };
		E6D5BB60206CEA9900064405 /* main.m */ = {isa = PBXFileReference; lastKnownFileType = sourcecode.c.objc; path = main.m; sourceTree = "<group>"; };
		E6D5BB67206CEAB700064405 /* test1ViewController.h */ = {isa = PBXFileReference; lastKnownFileType = sourcecode.c.h; path = test1ViewController.h; sourceTree = "<group>"; };
		E6D5BB68206CEAB700064405 /* test1ViewController.m */ = {isa = PBXFileReference; lastKnownFileType = sourcecode.c.objc; path = test1ViewController.m; sourceTree = "<group>"; };
/* End PBXFileReference section */

/* Begin PBXFrameworksBuildPhase section */
		E6D5BB4B206CEA9900064405 /* Frameworks */ = {
			isa = PBXFrameworksBuildPhase;
			buildActionMask = 2147483647;
			files = (
			);
			runOnlyForDeploymentPostprocessing = 0;
		};
/* End PBXFrameworksBuildPhase section */

/* Begin PBXGroup section */
		E6D5BB45206CEA9900064405 = {
			isa = PBXGroup;
			children = (
				E6D5BB50206CEA9900064405 /* blockx */,
				E6D5BB4F206CEA9900064405 /* Products */,
			);
			sourceTree = "<group>";
		};
		E6D5BB4F206CEA9900064405 /* Products */ = {
			isa = PBXGroup;
			children = (
				E6D5BB4E206CEA9900064405 /* blockx.app */,
			);
			name = Products;
			sourceTree = "<group>";
		};
		E6D5BB50206CEA9900064405 /* blockx */ = {
			isa = PBXGroup;
			children = (
				E6D5BB51206CEA9900064405 /* AppDelegate.h */,
				E6D5BB52206CEA9900064405 /* AppDelegate.m */,
				E6D5BB54206CEA9900064405 /* ViewController.h */,
				E6D5BB55206CEA9900064405 /* ViewController.m */,
				E6D5BB67206CEAB700064405 /* test1ViewController.h */,
				E6D5BB68206CEAB700064405 /* test1ViewController.m */,
				E6D5BB57206CEA9900064405 /* Main.storyboard */,
				E6D5BB5A206CEA9900064405 /* Assets.xcassets */,
				E6D5BB5C206CEA9900064405 /* LaunchScreen.storyboard */,
				E6D5BB5F206CEA9900064405 /* Info.plist */,
				E6D5BB60206CEA9900064405 /* main.m */,
			);
			path = blockx;
			sourceTree = "<group>";
		};
/* End PBXGroup section */

/* Begin PBXNativeTarget section */
		E6D5BB4D206CEA9900064405 /* blockx */ = {
			isa = PBXNativeTarget;
			buildConfigurationList = E6D5BB64206CEA9900064405 /* Build configuration list for PBXNativeTarget "blockx" */;
			buildPhases = (
				E6D5BB4A206CEA9900064405 /* Sources */,
				E6D5BB4B206CEA9900064405 /* Frameworks */,
				E6D5BB4C206CEA9900064405 /* Resources */,
			);
			buildRules = (
			);
			dependencies = (
			);
			name = blockx;
			productName = blockx;
			productReference = E6D5BB4E206CEA9900064405 /* blockx.app */;
			productType = "com.apple.product-type.application";
		};
/* End PBXNativeTarget section */

/* Begin PBXProject section */
		E6D5BB46206CEA9900064405 /* Project object */ = {
			isa = PBXProject;
			attributes = {
				LastUpgradeCheck = 0920;
				ORGANIZATIONNAME = mooer;
				TargetAttributes = {
					E6D5BB4D206CEA9900064405 = {
						CreatedOnToolsVersion = 9.2;
						ProvisioningStyle = Automatic;
					};
				};
			};
			buildConfigurationList = E6D5BB49206CEA9900064405 /* Build configuration list for PBXProject "blockx" */;
			compatibilityVersion = "Xcode 8.0";
			developmentRegion = en;
			hasScannedForEncodings = 0;
			knownRegions = (
				en,
				Base,
			);
			mainGroup = E6D5BB45206CEA9900064405;
			productRefGroup = E6D5BB4F206CEA9900064405 /* Products */;
			projectDirPath = "";
			projectRoot = "";
			targets = (
				E6D5BB4D206CEA9900064405 /* blockx */,
			);
		};
/* End PBXProject section */

/* Begin PBXResourcesBuildPhase section */
		E6D5BB4C206CEA9900064405 /* Resources */ = {
			isa = PBXResourcesBuildPhase;
			buildActionMask = 2147483647;
			files = (
				E6D5BB5E206CEA9900064405 /* LaunchScreen.storyboard in Resources */,
				E6D5BB5B206CEA9900064405 /* Assets.xcassets in Resources */,
				E6D5BB59206CEA9900064405 /* Main.storyboard in Resources */,
			);
			runOnlyForDeploymentPostprocessing = 0;
		};
/* End PBXResourcesBuildPhase section */

/* Begin PBXSourcesBuildPhase section */
		E6D5BB4A206CEA9900064405 /* Sources */ = {
			isa = PBXSourcesBuildPhase;
			buildActionMask = 2147483647;
			files = (
				E6D5BB69206CEAB700064405 /* test1ViewController.m in Sources */,
				E6D5BB56206CEA9900064405 /* ViewController.m in Sources */,
				E6D5BB61206CEA9900064405 /* main.m in Sources */,
				E6D5BB53206CEA9900064405 /* AppDelegate.m in Sources */,
			);
			runOnlyForDeploymentPostprocessing = 0;
		};
/* End PBXSourcesBuildPhase section */

/* Begin PBXVariantGroup section */
		E6D5BB57206CEA9900064405 /* Main.storyboard */ = {
			isa = PBXVariantGroup;
			children = (
				E6D5BB58206CEA9900064405 /* Base */,
			);
			name = Main.storyboard;
			sourceTree = "<group>";
		};
		E6D5BB5C206CEA9900064405 /* LaunchScreen.storyboard */ = {
			isa = PBXVariantGroup;
			children = (
				E6D5BB5D206CEA9900064405 /* Base */,
			);
			name = LaunchScreen.storyboard;
			sourceTree = "<group>";
		};
/* End PBXVariantGroup section */

/* Begin XCBuildConfiguration section */
		E6D5BB62206CEA9900064405 /* Debug */ = {
			isa = XCBuildConfiguration;
			buildSettings = {
				ALWAYS_SEARCH_USER_PATHS = NO;
				CLANG_ANALYZER_NONNULL = YES;
				CLANG_ANALYZER_NUMBER_OBJECT_CONVERSION = YES_AGGRESSIVE;
				CLANG_CXX_LANGUAGE_STANDARD = "gnu++14";
				CLANG_CXX_LIBRARY = "libc++";
				CLANG_ENABLE_MODULES = YES;
				CLANG_ENABLE_OBJC_ARC = YES;
				CLANG_WARN_BLOCK_CAPTURE_AUTORELEASING = YES;
				CLANG_WARN_BOOL_CONVERSION = YES;
				CLANG_WARN_COMMA = YES;
				CLANG_WARN_CONSTANT_CONVERSION = YES;
				CLANG_WARN_DIRECT_OBJC_ISA_USAGE = YES_ERROR;
				CLANG_WARN_DOCUMENTATION_COMMENTS = YES;
				CLANG_WARN_EMPTY_BODY = YES;
				CLANG_WARN_ENUM_CONVERSION = YES;
				CLANG_WARN_INFINITE_RECURSION = YES;
				CLANG_WARN_INT_CONVERSION = YES;
				CLANG_WARN_NON_LITERAL_NULL_CONVERSION = YES;
				CLANG_WARN_OBJC_LITERAL_CONVERSION = YES;
				CLANG_WARN_OBJC_ROOT_CLASS = YES_ERROR;
				CLANG_WARN_RANGE_LOOP_ANALYSIS = YES;
				CLANG_WARN_STRICT_PROTOTYPES = YES;
				CLANG_WARN_SUSPICIOUS_MOVE = YES;
				CLANG_WARN_UNGUARDED_AVAILABILITY = YES_AGGRESSIVE;
				CLANG_WARN_UNREACHABLE_CODE = YES;
				CLANG_WARN__DUPLICATE_METHOD_MATCH = YES;
				CODE_SIGN_IDENTITY = "iPhone Developer";
				COPY_PHASE_STRIP = NO;
				DEBUG_INFORMATION_FORMAT = dwarf;
				ENABLE_STRICT_OBJC_MSGSEND = YES;
				ENABLE_TESTABILITY = YES;
				GCC_C_LANGUAGE_STANDARD = gnu11;
				GCC_DYNAMIC_NO_PIC = NO;
				GCC_NO_COMMON_BLOCKS = YES;
				GCC_OPTIMIZATION_LEVEL = 0;
				GCC_PREPROCESSOR_DEFINITIONS = (
					"DEBUG=1",
					"$(inherited)",
				);
				GCC_WARN_64_TO_32_BIT_CONVERSION = YES;
				GCC_WARN_ABOUT_RETURN_TYPE = YES_ERROR;
				GCC_WARN_UNDECLARED_SELECTOR = YES;
				GCC_WARN_UNINITIALIZED_AUTOS = YES_AGGRESSIVE;
				GCC_WARN_UNUSED_FUNCTION = YES;
				GCC_WARN_UNUSED_VARIABLE = YES;
				IPHONEOS_DEPLOYMENT_TARGET = 11.2;
				MTL_ENABLE_DEBUG_INFO = YES;
				ONLY_ACTIVE_ARCH = YES;
				SDKROOT = iphoneos;
			};
			name = Debug;
		};
		E6D5BB63206CEA9900064405 /* Release */ = {
			isa = XCBuildConfiguration;
			buildSettings = {
				ALWAYS_SEARCH_USER_PATHS = NO;
				CLANG_ANALYZER_NONNULL = YES;
				CLANG_ANALYZER_NUMBER_OBJECT_CONVERSION = YES_AGGRESSIVE;
				CLANG_CXX_LANGUAGE_STANDARD = "gnu++14";
				CLANG_CXX_LIBRARY = "libc++";
				CLANG_ENABLE_MODULES = YES;
				CLANG_ENABLE_OBJC_ARC = YES;
				CLANG_WARN_BLOCK_CAPTURE_AUTORELEASING = YES;
				CLANG_WARN_BOOL_CONVERSION = YES;
				CLANG_WARN_COMMA = YES;
				CLANG_WARN_CONSTANT_CONVERSION = YES;
				CLANG_WARN_DIRECT_OBJC_ISA_USAGE = YES_ERROR;
				CLANG_WARN_DOCUMENTATION_COMMENTS = YES;
				CLANG_WARN_EMPTY_BODY = YES;
				CLANG_WARN_ENUM_CONVERSION = YES;
				CLANG_WARN_INFINITE_RECURSION = YES;
				CLANG_WARN_INT_CONVERSION = YES;
				CLANG_WARN_NON_LITERAL_NULL_CONVERSION = YES;
				CLANG_WARN_OBJC_LITERAL_CONVERSION = YES;
				CLANG_WARN_OBJC_ROOT_CLASS = YES_ERROR;
				CLANG_WARN_RANGE_LOOP_ANALYSIS = YES;
				CLANG_WARN_STRICT_PROTOTYPES = YES;
				CLANG_WARN_SUSPICIOUS_MOVE = YES;
				CLANG_WARN_UNGUARDED_AVAILABILITY = YES_AGGRESSIVE;
				CLANG_WARN_UNREACHABLE_CODE = YES;
				CLANG_WARN__DUPLICATE_METHOD_MATCH = YES;
				CODE_SIGN_IDENTITY = "iPhone Developer";
				COPY_PHASE_STRIP = NO;
				DEBUG_INFORMATION_FORMAT = "dwarf-with-dsym";
				ENABLE_NS_ASSERTIONS = NO;
				ENABLE_STRICT_OBJC_MSGSEND = YES;
				GCC_C_LANGUAGE_STANDARD = gnu11;
				GCC_NO_COMMON_BLOCKS = YES;
				GCC_WARN_64_TO_32_BIT_CONVERSION = YES;
				GCC_WARN_ABOUT_RETURN_TYPE = YES_ERROR;
				GCC_WARN_UNDECLARED_SELECTOR = YES;
				GCC_WARN_UNINITIALIZED_AUTOS = YES_AGGRESSIVE;
				GCC_WARN_UNUSED_FUNCTION = YES;
				GCC_WARN_UNUSED_VARIABLE = YES;
				IPHONEOS_DEPLOYMENT_TARGET = 11.2;
				MTL_ENABLE_DEBUG_INFO = NO;
				SDKROOT = iphoneos;
				VALIDATE_PRODUCT = YES;
			};
			name = Release;
		};
		E6D5BB65206CEA9900064405 /* Debug */ = {
			isa = XCBuildConfiguration;
			buildSettings = {
				ASSETCATALOG_COMPILER_APPICON_NAME = AppIcon;
				CODE_SIGN_STYLE = Automatic;
				INFOPLIST_FILE = blockx/Info.plist;
				LD_RUNPATH_SEARCH_PATHS = "$(inherited) @executable_path/Frameworks";
				PRODUCT_BUNDLE_IDENTIFIER = test.blockx;
				PRODUCT_NAME = "$(TARGET_NAME)";
				TARGETED_DEVICE_FAMILY = "1,2";
			};
			name = Debug;
		};
		E6D5BB66206CEA9900064405 /* Release */ = {
			isa = XCBuildConfiguration;
			buildSettings = {
				ASSETCATALOG_COMPILER_APPICON_NAME = AppIcon;
				CODE_SIGN_STYLE = Automatic;
				INFOPLIST_FILE = blockx/Info.plist;
				LD_RUNPATH_SEARCH_PATHS = "$(inherited) @executable_path/Frameworks";
				PRODUCT_BUNDLE_IDENTIFIER = test.blockx;
				PRODUCT_NAME = "$(TARGET_NAME)";
				TARGETED_DEVICE_FAMILY = "1,2";
			};
			name = Release;
		};
/* End XCBuildConfiguration section */

/* Begin XCConfigurationList section */
		E6D5BB49206CEA9900064405 /* Build configuration list for PBXProject "blockx" */ = {
			isa = XCConfigurationList;
			buildConfigurations = (
				E6D5BB62206CEA9900064405 /* Debug */,
				E6D5BB63206CEA9900064405 /* Release */,
			);
			defaultConfigurationIsVisible = 0;
			defaultConfigurationName = Release;
		};
		E6D5BB64206CEA9900064405 /* Build configuration list for PBXNativeTarget "blockx" */ = {
			isa = XCConfigurationList;
			buildConfigurations = (
				E6D5BB65206CEA9900064405 /* Debug */,
				E6D5BB66206CEA9900064405 /* Release */,
			);
			defaultConfigurationIsVisible = 0;
			defaultConfigurationName = Release;
		};
/* End XCConfigurationList section */
	};
	rootObject = E6D5BB46206CEA9900064405 /* Project object */;
}
